
Microsoft Visual Studio Solution File, Format Version 12.00
# Visual Studio Version 16
VisualStudioVersion = 16.0.810.25
MinimumVisualStudioVersion = 10.0.40219.1
Project("{FAE04EC0-301F-11D3-BF4B-00C04F79EFBC}") = "Trees", "Trees.csproj", "{60E0869C-EC53-4BE3-9129-B09D85671C63}"
EndProject
Global
	GlobalSection(SolutionConfigurationPlatforms) = preSolution
		Debug|Any CPU = Debug|Any CPU
		Release|Any CPU = Release|Any CPU
	EndGlobalSection
	GlobalSection(ProjectConfigurationPlatforms) = postSolution
		{60E0869C-EC53-4BE3-9129-B09D85671C63}.Debug|Any CPU.ActiveCfg = Debug|Any CPU
		{60E0869C-EC53-4BE3-9129-B09D85671C63}.Debug|Any CPU.Build.0 = Debug|Any CPU
		{60E0869C-EC53-4BE3-9129-B09D85671C63}.Release|Any CPU.ActiveCfg = Release|Any CPU
		{60E0869C-EC53-4BE3-9129-B09D85671C63}.Release|Any CPU.Build.0 = Release|Any CPU
	EndGlobalSection
	GlobalSection(SolutionProperties) = preSolution
		HideSolutionNode = FALSE
	EndGlobalSection
	GlobalSection(ExtensibilityGlobals) = postSolution
		SolutionGuid = {2FBAD23B-59F8-482A-ABF0-52A0103ECE00}
	EndGlobalSection
EndGlobal
