
Microsoft Visual Studio Solution File, Format Version 11.00
# Visual Studio 2010
Project("{FAE04EC0-301F-11D3-BF4B-00C04F79EFBC}") = "DependencyProperties", "DependencyProperties\DependencyProperties.csproj", "{F6C0D3E6-8CD6-42DE-8CAF-1B19FFEF822C}"
EndProject
Global
	GlobalSection(SolutionConfigurationPlatforms) = preSolution
		Debug|x86 = Debug|x86
		Release|x86 = Release|x86
	EndGlobalSection
	GlobalSection(ProjectConfigurationPlatforms) = postSolution
		{F6C0D3E6-8CD6-42DE-8CAF-1B19FFEF822C}.Debug|x86.ActiveCfg = Debug|x86
		{F6C0D3E6-8CD6-42DE-8CAF-1B19FFEF822C}.Debug|x86.Build.0 = Debug|x86
		{F6C0D3E6-8CD6-42DE-8CAF-1B19FFEF822C}.Release|x86.ActiveCfg = Release|x86
		{F6C0D3E6-8CD6-42DE-8CAF-1B19FFEF822C}.Release|x86.Build.0 = Release|x86
	EndGlobalSection
	GlobalSection(SolutionProperties) = preSolution
		HideSolutionNode = FALSE
	EndGlobalSection
EndGlobal
